
Microsoft Visual Studio Solution File, Format Version 12.00
# Visual Studio 14
VisualStudioVersion = 14.0.25123.0
MinimumVisualStudioVersion = 10.0.40219.1
Project("{8BC9CEB8-8B4A-11D0-8D11-00A0C91BC942}") = "Genome Similarity", "Genome Similarity.vcxproj", "{E23841D1-E48D-42BF-BF5B-523BFB2B7D53}"
EndProject
Project("{2150E333-8FDC-42A3-9474-1A3956D46DE8}") = "Solution Items", "Solution Items", "{37088DE7-6EEB-4A84-9293-C4BC445469E7}"
	ProjectSection(SolutionItems) = preProject
		CPU Sampling.psess = CPU Sampling.psess
	EndProjectSection
EndProject
Project("{8BC9CEB8-8B4A-11D0-8D11-00A0C91BC942}") = "Sequential", "Sequential\Sequential.vcxproj", "{3898849F-54B7-4067-A152-883AFB36BFB4}"
EndProject
Project("{2150E333-8FDC-42A3-9474-1A3956D46DE8}") = "results", "results", "{DCFCA6CF-ED8E-42DB-8E10-6A97FBE1131A}"
	ProjectSection(SolutionItems) = preProject
		..\..\..\..\..\..\genome\parallel-result.txt = ..\..\..\..\..\..\genome\parallel-result.txt
		..\..\..\..\..\..\genome\seq-result.txt = ..\..\..\..\..\..\genome\seq-result.txt
	EndProjectSection
EndProject
Project("{8BC9CEB8-8B4A-11D0-8D11-00A0C91BC942}") = "Posix", "Posix\Posix.vcxproj", "{8F947B6B-162B-4DCF-BF8C-E6C29CEDCEB9}"
EndProject
Global
	GlobalSection(Performance) = preSolution
		HasPerformanceSessions = true
	EndGlobalSection
	GlobalSection(SolutionConfigurationPlatforms) = preSolution
		Debug|Any CPU = Debug|Any CPU
		Debug|x64 = Debug|x64
		Debug|x86 = Debug|x86
		Release_PG|Any CPU = Release_PG|Any CPU
		Release_PG|x64 = Release_PG|x64
		Release_PG|x86 = Release_PG|x86
		Release|Any CPU = Release|Any CPU
		Release|x64 = Release|x64
		Release|x86 = Release|x86
		Release-unix|Any CPU = Release-unix|Any CPU
		Release-unix|x64 = Release-unix|x64
		Release-unix|x86 = Release-unix|x86
	EndGlobalSection
	GlobalSection(ProjectConfigurationPlatforms) = postSolution
		{E23841D1-E48D-42BF-BF5B-523BFB2B7D53}.Debug|Any CPU.ActiveCfg = Debug|Win32
		{E23841D1-E48D-42BF-BF5B-523BFB2B7D53}.Debug|x64.ActiveCfg = Debug|x64
		{E23841D1-E48D-42BF-BF5B-523BFB2B7D53}.Debug|x64.Build.0 = Debug|x64
		{E23841D1-E48D-42BF-BF5B-523BFB2B7D53}.Debug|x86.ActiveCfg = Debug|Win32
		{E23841D1-E48D-42BF-BF5B-523BFB2B7D53}.Debug|x86.Build.0 = Debug|Win32
		{E23841D1-E48D-42BF-BF5B-523BFB2B7D53}.Release_PG|Any CPU.ActiveCfg = Release_PG|Win32
		{E23841D1-E48D-42BF-BF5B-523BFB2B7D53}.Release_PG|x64.ActiveCfg = Release_PG|x64
		{E23841D1-E48D-42BF-BF5B-523BFB2B7D53}.Release_PG|x64.Build.0 = Release_PG|x64
		{E23841D1-E48D-42BF-BF5B-523BFB2B7D53}.Release_PG|x86.ActiveCfg = Release_PG|Win32
		{E23841D1-E48D-42BF-BF5B-523BFB2B7D53}.Release_PG|x86.Build.0 = Release_PG|Win32
		{E23841D1-E48D-42BF-BF5B-523BFB2B7D53}.Release|Any CPU.ActiveCfg = Release|Win32
		{E23841D1-E48D-42BF-BF5B-523BFB2B7D53}.Release|x64.ActiveCfg = Release|x64
		{E23841D1-E48D-42BF-BF5B-523BFB2B7D53}.Release|x64.Build.0 = Release|x64
		{E23841D1-E48D-42BF-BF5B-523BFB2B7D53}.Release|x86.ActiveCfg = Release|Win32
		{E23841D1-E48D-42BF-BF5B-523BFB2B7D53}.Release|x86.Build.0 = Release|Win32
		{E23841D1-E48D-42BF-BF5B-523BFB2B7D53}.Release-unix|Any CPU.ActiveCfg = Release-unix|Win32
		{E23841D1-E48D-42BF-BF5B-523BFB2B7D53}.Release-unix|x64.ActiveCfg = Release-unix|x64
		{E23841D1-E48D-42BF-BF5B-523BFB2B7D53}.Release-unix|x64.Build.0 = Release-unix|x64
		{E23841D1-E48D-42BF-BF5B-523BFB2B7D53}.Release-unix|x86.ActiveCfg = Release-unix|Win32
		{E23841D1-E48D-42BF-BF5B-523BFB2B7D53}.Release-unix|x86.Build.0 = Release-unix|Win32
		{3898849F-54B7-4067-A152-883AFB36BFB4}.Debug|Any CPU.ActiveCfg = Debug|Win32
		{3898849F-54B7-4067-A152-883AFB36BFB4}.Debug|x64.ActiveCfg = Debug|x64
		{3898849F-54B7-4067-A152-883AFB36BFB4}.Debug|x64.Build.0 = Debug|x64
		{3898849F-54B7-4067-A152-883AFB36BFB4}.Debug|x86.ActiveCfg = Debug|Win32
		{3898849F-54B7-4067-A152-883AFB36BFB4}.Debug|x86.Build.0 = Debug|Win32
		{3898849F-54B7-4067-A152-883AFB36BFB4}.Release_PG|Any CPU.ActiveCfg = Release|x64
		{3898849F-54B7-4067-A152-883AFB36BFB4}.Release_PG|Any CPU.Build.0 = Release|x64
		{3898849F-54B7-4067-A152-883AFB36BFB4}.Release_PG|x64.ActiveCfg = Release|x64
		{3898849F-54B7-4067-A152-883AFB36BFB4}.Release_PG|x64.Build.0 = Release|x64
		{3898849F-54B7-4067-A152-883AFB36BFB4}.Release_PG|x86.ActiveCfg = Release|Win32
		{3898849F-54B7-4067-A152-883AFB36BFB4}.Release_PG|x86.Build.0 = Release|Win32
		{3898849F-54B7-4067-A152-883AFB36BFB4}.Release|Any CPU.ActiveCfg = Release|Win32
		{3898849F-54B7-4067-A152-883AFB36BFB4}.Release|x64.ActiveCfg = Release|x64
		{3898849F-54B7-4067-A152-883AFB36BFB4}.Release|x64.Build.0 = Release|x64
		{3898849F-54B7-4067-A152-883AFB36BFB4}.Release|x86.ActiveCfg = Release|Win32
		{3898849F-54B7-4067-A152-883AFB36BFB4}.Release|x86.Build.0 = Release|Win32
		{3898849F-54B7-4067-A152-883AFB36BFB4}.Release-unix|Any CPU.ActiveCfg = Release-unix|Win32
		{3898849F-54B7-4067-A152-883AFB36BFB4}.Release-unix|x64.ActiveCfg = Release-unix|x64
		{3898849F-54B7-4067-A152-883AFB36BFB4}.Release-unix|x64.Build.0 = Release-unix|x64
		{3898849F-54B7-4067-A152-883AFB36BFB4}.Release-unix|x86.ActiveCfg = Release-unix|Win32
		{3898849F-54B7-4067-A152-883AFB36BFB4}.Release-unix|x86.Build.0 = Release-unix|Win32
		{8F947B6B-162B-4DCF-BF8C-E6C29CEDCEB9}.Debug|Any CPU.ActiveCfg = Debug|Win32
		{8F947B6B-162B-4DCF-BF8C-E6C29CEDCEB9}.Debug|x64.ActiveCfg = Debug|x64
		{8F947B6B-162B-4DCF-BF8C-E6C29CEDCEB9}.Debug|x64.Build.0 = Debug|x64
		{8F947B6B-162B-4DCF-BF8C-E6C29CEDCEB9}.Debug|x86.ActiveCfg = Debug|Win32
		{8F947B6B-162B-4DCF-BF8C-E6C29CEDCEB9}.Debug|x86.Build.0 = Debug|Win32
		{8F947B6B-162B-4DCF-BF8C-E6C29CEDCEB9}.Release_PG|Any CPU.ActiveCfg = Release|x64
		{8F947B6B-162B-4DCF-BF8C-E6C29CEDCEB9}.Release_PG|Any CPU.Build.0 = Release|x64
		{8F947B6B-162B-4DCF-BF8C-E6C29CEDCEB9}.Release_PG|x64.ActiveCfg = Release|x64
		{8F947B6B-162B-4DCF-BF8C-E6C29CEDCEB9}.Release_PG|x64.Build.0 = Release|x64
		{8F947B6B-162B-4DCF-BF8C-E6C29CEDCEB9}.Release_PG|x86.ActiveCfg = Release|Win32
		{8F947B6B-162B-4DCF-BF8C-E6C29CEDCEB9}.Release_PG|x86.Build.0 = Release|Win32
		{8F947B6B-162B-4DCF-BF8C-E6C29CEDCEB9}.Release|Any CPU.ActiveCfg = Release|Win32
		{8F947B6B-162B-4DCF-BF8C-E6C29CEDCEB9}.Release|x64.ActiveCfg = Release|x64
		{8F947B6B-162B-4DCF-BF8C-E6C29CEDCEB9}.Release|x64.Build.0 = Release|x64
		{8F947B6B-162B-4DCF-BF8C-E6C29CEDCEB9}.Release|x86.ActiveCfg = Release|Win32
		{8F947B6B-162B-4DCF-BF8C-E6C29CEDCEB9}.Release|x86.Build.0 = Release|Win32
		{8F947B6B-162B-4DCF-BF8C-E6C29CEDCEB9}.Release-unix|Any CPU.ActiveCfg = Release|x64
		{8F947B6B-162B-4DCF-BF8C-E6C29CEDCEB9}.Release-unix|Any CPU.Build.0 = Release|x64
		{8F947B6B-162B-4DCF-BF8C-E6C29CEDCEB9}.Release-unix|x64.ActiveCfg = Release|x64
		{8F947B6B-162B-4DCF-BF8C-E6C29CEDCEB9}.Release-unix|x64.Build.0 = Release|x64
		{8F947B6B-162B-4DCF-BF8C-E6C29CEDCEB9}.Release-unix|x86.ActiveCfg = Release|Win32
		{8F947B6B-162B-4DCF-BF8C-E6C29CEDCEB9}.Release-unix|x86.Build.0 = Release|Win32
	EndGlobalSection
	GlobalSection(SolutionProperties) = preSolution
		HideSolutionNode = FALSE
	EndGlobalSection
EndGlobal
